
Microsoft Visual Studio Solution File, Format Version 12.00
# Visual Studio Version 17
VisualStudioVersion = 17.8.34322.80
MinimumVisualStudioVersion = 10.0.40219.1
Project("{9A19103F-16F7-4668-BE54-9A1E7A4F7556}") = "OpenWeatherMap.Cache", "OpenWeatherMap.Cache\OpenWeatherMap.Cache.csproj", "{A47E680E-0D0A-4771-B5FE-701E2B4154A8}"
EndProject
Project("{9A19103F-16F7-4668-BE54-9A1E7A4F7556}") = "OpenWeatherMap.Cache.Tests", "OpenWeatherMap.Cache.Tests\OpenWeatherMap.Cache.Tests.csproj", "{8890580B-BB36-497D-80DC-1F8594D58752}"
EndProject
Project("{2150E333-8FDC-42A3-9474-1A3956D46DE8}") = "Solution Items", "Solution Items", "{93A3FAAE-8CAB-46EE-8578-7B8FBDE80983}"
	ProjectSection(SolutionItems) = preProject
		Directory.Build.props = Directory.Build.props
		Directory.Packages.props = Directory.Packages.props
		.github\workflows\dotnet.yml = .github\workflows\dotnet.yml
		LICENSE = LICENSE
	EndProjectSection
EndProject
Global
	GlobalSection(SolutionConfigurationPlatforms) = preSolution
		Debug|Any CPU = Debug|Any CPU
		Release|Any CPU = Release|Any CPU
	EndGlobalSection
	GlobalSection(ProjectConfigurationPlatforms) = postSolution
		{A47E680E-0D0A-4771-B5FE-701E2B4154A8}.Debug|Any CPU.ActiveCfg = Debug|Any CPU
		{A47E680E-0D0A-4771-B5FE-701E2B4154A8}.Debug|Any CPU.Build.0 = Debug|Any CPU
		{A47E680E-0D0A-4771-B5FE-701E2B4154A8}.Release|Any CPU.ActiveCfg = Release|Any CPU
		{A47E680E-0D0A-4771-B5FE-701E2B4154A8}.Release|Any CPU.Build.0 = Release|Any CPU
		{8890580B-BB36-497D-80DC-1F8594D58752}.Debug|Any CPU.ActiveCfg = Debug|Any CPU
		{8890580B-BB36-497D-80DC-1F8594D58752}.Debug|Any CPU.Build.0 = Debug|Any CPU
		{8890580B-BB36-497D-80DC-1F8594D58752}.Release|Any CPU.ActiveCfg = Release|Any CPU
		{8890580B-BB36-497D-80DC-1F8594D58752}.Release|Any CPU.Build.0 = Release|Any CPU
	EndGlobalSection
	GlobalSection(SolutionProperties) = preSolution
		HideSolutionNode = FALSE
	EndGlobalSection
	GlobalSection(ExtensibilityGlobals) = postSolution
		SolutionGuid = {DB2A5313-A51F-4FD7-9B9B-C7191DB63404}
	EndGlobalSection
EndGlobal
