
Microsoft Visual Studio Solution File, Format Version 12.00
# Visual Studio Version 16
VisualStudioVersion = 16.0.30711.63
MinimumVisualStudioVersion = 10.0.40219.1
Project("{FAE04EC0-301F-11D3-BF4B-00C04F79EFBC}") = "OpenWeatherMap.Cache", "OpenWeatherMap.Cache\OpenWeatherMap.Cache.csproj", "{A47E680E-0D0A-4771-B5FE-701E2B4154A8}"
EndProject
Global
	GlobalSection(SolutionConfigurationPlatforms) = preSolution
		Debug|Any CPU = Debug|Any CPU
		Release|Any CPU = Release|Any CPU
	EndGlobalSection
	GlobalSection(ProjectConfigurationPlatforms) = postSolution
		{A47E680E-0D0A-4771-B5FE-701E2B4154A8}.Debug|Any CPU.ActiveCfg = Debug|Any CPU
		{A47E680E-0D0A-4771-B5FE-701E2B4154A8}.Debug|Any CPU.Build.0 = Debug|Any CPU
		{A47E680E-0D0A-4771-B5FE-701E2B4154A8}.Release|Any CPU.ActiveCfg = Release|Any CPU
		{A47E680E-0D0A-4771-B5FE-701E2B4154A8}.Release|Any CPU.Build.0 = Release|Any CPU
	EndGlobalSection
	GlobalSection(SolutionProperties) = preSolution
		HideSolutionNode = FALSE
	EndGlobalSection
	GlobalSection(ExtensibilityGlobals) = postSolution
		SolutionGuid = {DB2A5313-A51F-4FD7-9B9B-C7191DB63404}
	EndGlobalSection
EndGlobal
